{
    "_readme": [
        "This file locks the dependencies of your project to a known state",
        "Read more about it at https://getcomposer.org/doc/01-basic-usage.md#composer-lock-the-lock-file",
        "This file is @generated automatically"
    ],
    "content-hash": "b8b57333d2ef350acd33131f36a38c34",
    "packages": [
        {
            "name": "predis/predis",
            "version": "v1.1.6",
            "source": {
                "type": "git",
                "url": "https://github.com/predis/predis.git",
                "reference": "9930e933c67446962997b05201c69c2319bf26de"
            },
            "dist": {
                "type": "zip",
                "url": "https://api.github.com/repos/predis/predis/zipball/9930e933c67446962997b05201c69c2319bf26de",
                "reference": "9930e933c67446962997b05201c69c2319bf26de",
                "shasum": ""
            },
            "require": {
                "php": ">=5.3.9"
            },
            "require-dev": {
                "cweagans/composer-patches": "^1.6",
                "phpunit/phpunit": "~4.8"
            },
            "suggest": {
                "ext-curl": "Allows access to Webdis when paired with phpiredis",
                "ext-phpiredis": "Allows faster serialization and deserialization of the Redis protocol"
            },
            "type": "library",
            "extra": {
                "composer-exit-on-patch-failure": true,
                "patches": {
                    "phpunit/phpunit-mock-objects": {
                        "Fix PHP 7 and 8 compatibility": "./tests/phpunit_mock_objects.patch"
                    },
                    "phpunit/phpunit": {
                        "Fix PHP 7 compatibility": "./tests/phpunit_php7.patch",
                        "Fix PHP 8 compatibility": "./tests/phpunit_php8.patch"
                    }
                }
            },
            "autoload": {
                "psr-4": {
                    "Predis\\": "src/"
                }
            },
            "notification-url": "https://packagist.org/downloads/",
            "license": [
                "MIT"
            ],
            "authors": [
                {
                    "name": "Daniele Alessandri",
                    "email": "suppakilla@gmail.com",
                    "homepage": "http://clorophilla.net",
                    "role": "Creator & Maintainer"
                },
                {
                    "name": "Till Krüss",
                    "homepage": "https://till.im",
                    "role": "Maintainer"
                }
            ],
            "description": "Flexible and feature-complete Redis client for PHP and HHVM",
            "homepage": "http://github.com/predis/predis",
            "keywords": [
                "nosql",
                "predis",
                "redis"
            ],
            "time": "2020-09-11T19:18:05+00:00"
        },
        {
            "name": "wazsmwazsm/workerf",
            "version": "v1.1.2",
            "source": {
                "type": "git",
                "url": "https://github.com/wazsmwazsm/WorkerF.git",
                "reference": "78c9bb9887926b1887217f34af0b1594f3c9decd"
            },
            "dist": {
                "type": "zip",
                "url": "https://api.github.com/repos/wazsmwazsm/WorkerF/zipball/78c9bb9887926b1887217f34af0b1594f3c9decd",
                "reference": "78c9bb9887926b1887217f34af0b1594f3c9decd",
                "shasum": ""
            },
            "require": {
                "ext-pdo": "*",
                "ext-pdo_mysql": "*",
                "php": ">=5.5",
                "predis/predis": "1.1.*",
                "workerman/workerman": "3.5.*"
            },
            "require-dev": {
                "phpunit/dbunit": "~2.0",
                "phpunit/phpunit": "~4.0"
            },
            "type": "library",
            "autoload": {
                "psr-4": {
                    "WorkerF\\": "src/WorkerF/"
                }
            },
            "notification-url": "https://packagist.org/downloads/",
            "license": [
                "MIT"
            ],
            "authors": [
                {
                    "name": "MrQin",
                    "email": "942443360@qq.com"
                }
            ],
            "description": "A webAPI framework for workerman.",
            "homepage": "https://github.com/wazsmwazsm/WorkerF",
            "keywords": [
                "framework",
                "workerman"
            ],
            "time": "2018-07-24T15:11:05+00:00"
        },
        {
            "name": "workerman/workerman",
            "version": "v3.5.31",
            "source": {
                "type": "git",
                "url": "https://github.com/walkor/Workerman.git",
                "reference": "b73ddc45b3c7299f330923a2bde23ca6e974fd96"
            },
            "dist": {
                "type": "zip",
                "url": "https://api.github.com/repos/walkor/Workerman/zipball/b73ddc45b3c7299f330923a2bde23ca6e974fd96",
                "reference": "b73ddc45b3c7299f330923a2bde23ca6e974fd96",
                "shasum": ""
            },
            "require": {
                "php": ">=5.3"
            },
            "suggest": {
                "ext-event": "For better performance. "
            },
            "type": "library",
            "autoload": {
                "psr-4": {
                    "Workerman\\": "./"
                }
            },
            "notification-url": "https://packagist.org/downloads/",
            "license": [
                "MIT"
            ],
            "authors": [
                {
                    "name": "walkor",
                    "email": "walkor@workerman.net",
                    "homepage": "http://www.workerman.net",
                    "role": "Developer"
                }
            ],
            "description": "An asynchronous event driven PHP framework for easily building fast, scalable network applications.",
            "homepage": "http://www.workerman.net",
            "keywords": [
                "asynchronous",
                "event-loop"
            ],
            "time": "2020-08-24T03:49:23+00:00"
        }
    ],
    "packages-dev": [],
    "aliases": [],
    "minimum-stability": "stable",
    "stability-flags": [],
    "prefer-stable": false,
    "prefer-lowest": false,
    "platform": {
        "php": ">=5.5"
    },
    "platform-dev": []
}
